
Microsoft Visual Studio Solution File, Format Version 12.00
# Visual Studio Version 16
VisualStudioVersion = 16.0.30804.86
MinimumVisualStudioVersion = 10.0.40219.1
Project("{FAE04EC0-301F-11D3-BF4B-00C04F79EFBC}") = "student-groupe", "student-groupe\student-groupe.csproj", "{026A18B9-98C3-4FA2-B9E8-A96E75C687C0}"
EndProject
Global
	GlobalSection(SolutionConfigurationPlatforms) = preSolution
		Debug|Any CPU = Debug|Any CPU
		Release|Any CPU = Release|Any CPU
	EndGlobalSection
	GlobalSection(ProjectConfigurationPlatforms) = postSolution
		{026A18B9-98C3-4FA2-B9E8-A96E75C687C0}.Debug|Any CPU.ActiveCfg = Debug|Any CPU
		{026A18B9-98C3-4FA2-B9E8-A96E75C687C0}.Debug|Any CPU.Build.0 = Debug|Any CPU
		{026A18B9-98C3-4FA2-B9E8-A96E75C687C0}.Release|Any CPU.ActiveCfg = Release|Any CPU
		{026A18B9-98C3-4FA2-B9E8-A96E75C687C0}.Release|Any CPU.Build.0 = Release|Any CPU
	EndGlobalSection
	GlobalSection(SolutionProperties) = preSolution
		HideSolutionNode = FALSE
	EndGlobalSection
	GlobalSection(ExtensibilityGlobals) = postSolution
		SolutionGuid = {7442DC8F-E67C-4948-A21F-C7FE896F2F97}
	EndGlobalSection
EndGlobal
